
Microsoft Visual Studio Solution File, Format Version 12.00
# Visual Studio Version 17
VisualStudioVersion = 17.7.34009.444
MinimumVisualStudioVersion = 10.0.40219.1
Project("{9A19103F-16F7-4668-BE54-9A1E7A4F7556}") = "Metro60.WebApi", "src\Metro60.WebApi\Metro60.WebApi.csproj", "{644118F6-7315-4621-8083-271E8AA7367A}"
EndProject
Project("{FAE04EC0-301F-11D3-BF4B-00C04F79EFBC}") = "Metro60.Core", "src\Metro60.Core\Metro60.Core.csproj", "{A0D45FCB-8846-44EB-94F5-C2B0D667B191}"
EndProject
Global
	GlobalSection(SolutionConfigurationPlatforms) = preSolution
		Debug|Any CPU = Debug|Any CPU
		Release|Any CPU = Release|Any CPU
	EndGlobalSection
	GlobalSection(ProjectConfigurationPlatforms) = postSolution
		{644118F6-7315-4621-8083-271E8AA7367A}.Debug|Any CPU.ActiveCfg = Debug|Any CPU
		{644118F6-7315-4621-8083-271E8AA7367A}.Debug|Any CPU.Build.0 = Debug|Any CPU
		{644118F6-7315-4621-8083-271E8AA7367A}.Release|Any CPU.ActiveCfg = Release|Any CPU
		{644118F6-7315-4621-8083-271E8AA7367A}.Release|Any CPU.Build.0 = Release|Any CPU
		{A0D45FCB-8846-44EB-94F5-C2B0D667B191}.Debug|Any CPU.ActiveCfg = Debug|Any CPU
		{A0D45FCB-8846-44EB-94F5-C2B0D667B191}.Debug|Any CPU.Build.0 = Debug|Any CPU
		{A0D45FCB-8846-44EB-94F5-C2B0D667B191}.Release|Any CPU.ActiveCfg = Release|Any CPU
		{A0D45FCB-8846-44EB-94F5-C2B0D667B191}.Release|Any CPU.Build.0 = Release|Any CPU
	EndGlobalSection
	GlobalSection(SolutionProperties) = preSolution
		HideSolutionNode = FALSE
	EndGlobalSection
	GlobalSection(ExtensibilityGlobals) = postSolution
		SolutionGuid = {FB7A251A-96CF-466B-A15A-8D9E4B79EF58}
	EndGlobalSection
EndGlobal
